
Microsoft Visual Studio Solution File, Format Version 12.00
# Visual Studio Version 17
VisualStudioVersion = 17.8.34309.116
MinimumVisualStudioVersion = 10.0.40219.1
Project("{9A19103F-16F7-4668-BE54-9A1E7A4F7556}") = "Adressbok", "Adressbok\Adressbok.csproj", "{F36F3DA7-7235-40BE-82D1-0F7E212F5185}"
EndProject
Project("{FAE04EC0-301F-11D3-BF4B-00C04F79EFBC}") = "Adressbok.Tests", "Adressbok.Tests\Adressbok.Tests.csproj", "{3B4C2FAC-8D8E-4A42-8459-90701B72E929}"
EndProject
Global
	GlobalSection(SolutionConfigurationPlatforms) = preSolution
		Debug|Any CPU = Debug|Any CPU
		Release|Any CPU = Release|Any CPU
	EndGlobalSection
	GlobalSection(ProjectConfigurationPlatforms) = postSolution
		{F36F3DA7-7235-40BE-82D1-0F7E212F5185}.Debug|Any CPU.ActiveCfg = Debug|Any CPU
		{F36F3DA7-7235-40BE-82D1-0F7E212F5185}.Debug|Any CPU.Build.0 = Debug|Any CPU
		{F36F3DA7-7235-40BE-82D1-0F7E212F5185}.Release|Any CPU.ActiveCfg = Release|Any CPU
		{F36F3DA7-7235-40BE-82D1-0F7E212F5185}.Release|Any CPU.Build.0 = Release|Any CPU
		{3B4C2FAC-8D8E-4A42-8459-90701B72E929}.Debug|Any CPU.ActiveCfg = Debug|Any CPU
		{3B4C2FAC-8D8E-4A42-8459-90701B72E929}.Debug|Any CPU.Build.0 = Debug|Any CPU
		{3B4C2FAC-8D8E-4A42-8459-90701B72E929}.Release|Any CPU.ActiveCfg = Release|Any CPU
		{3B4C2FAC-8D8E-4A42-8459-90701B72E929}.Release|Any CPU.Build.0 = Release|Any CPU
	EndGlobalSection
	GlobalSection(SolutionProperties) = preSolution
		HideSolutionNode = FALSE
	EndGlobalSection
	GlobalSection(ExtensibilityGlobals) = postSolution
		SolutionGuid = {751F0681-270D-482A-B9EE-E42697A28B1B}
	EndGlobalSection
EndGlobal
